// !$*UTF8*$!
{
	archiveVersion = 1;
	classes = {
	};
	objectVersion = 50;
	objects = {

/* Begin PBXBuildFile section */
		E8447BCC230BD50300F750E6 /* LEGOTransformViewController.m in Sources */ = {isa = PBXBuildFile; fileRef = E8447BCB230BD50300F750E6 /* LEGOTransformViewController.m */; };
		E85B04F322DD6119001501A9 /* AppDelegate.m in Sources */ = {isa = PBXBuildFile; fileRef = E85B04F222DD6119001501A9 /* AppDelegate.m */; };
		E85B04F622DD6119001501A9 /* ViewController.m in Sources */ = {isa = PBXBuildFile; fileRef = E85B04F522DD6119001501A9 /* ViewController.m */; };
		E85B04F922DD6119001501A9 /* Main.storyboard in Resources */ = {isa = PBXBuildFile; fileRef = E85B04F722DD6119001501A9 /* Main.storyboard */; };
		E85B04FB22DD611A001501A9 /* Assets.xcassets in Resources */ = {isa = PBXBuildFile; fileRef = E85B04FA22DD611A001501A9 /* Assets.xcassets */; };
		E85B04FE22DD611A001501A9 /* LaunchScreen.storyboard in Resources */ = {isa = PBXBuildFile; fileRef = E85B04FC22DD611A001501A9 /* LaunchScreen.storyboard */; };
		E85B050122DD611A001501A9 /* main.m in Sources */ = {isa = PBXBuildFile; fileRef = E85B050022DD611A001501A9 /* main.m */; };
		E85B050B22DD611A001501A9 /* LEGOAnimationTests.m in Sources */ = {isa = PBXBuildFile; fileRef = E85B050A22DD611A001501A9 /* LEGOAnimationTests.m */; };
		E85B051622DD611A001501A9 /* LEGOAnimationUITests.m in Sources */ = {isa = PBXBuildFile; fileRef = E85B051522DD611A001501A9 /* LEGOAnimationUITests.m */; };
		E862B36C2306A7B80072D243 /* LEGORouletteViewController.m in Sources */ = {isa = PBXBuildFile; fileRef = E862B36B2306A7B80072D243 /* LEGORouletteViewController.m */; };
		E862B36F2306A8330072D243 /* LEGORouletteView.m in Sources */ = {isa = PBXBuildFile; fileRef = E862B36E2306A8330072D243 /* LEGORouletteView.m */; };
		E864517F22F918B0002FD21B /* LEGOCAKeyframeViewController.m in Sources */ = {isa = PBXBuildFile; fileRef = E864517E22F918B0002FD21B /* LEGOCAKeyframeViewController.m */; };
		E864518222F918E6002FD21B /* LEGOCABasicViewController.m in Sources */ = {isa = PBXBuildFile; fileRef = E864518122F918E6002FD21B /* LEGOCABasicViewController.m */; };
		E864518622F97A13002FD21B /* LEGOStretchViewController.m in Sources */ = {isa = PBXBuildFile; fileRef = E864518522F97A13002FD21B /* LEGOStretchViewController.m */; };
		E871618E22F82CF3008B5EF7 /* LEGOViewController.m in Sources */ = {isa = PBXBuildFile; fileRef = E871618D22F82CF3008B5EF7 /* LEGOViewController.m */; };
		E873B05723039D8A00DB81C1 /* LEGOKnobViewController.m in Sources */ = {isa = PBXBuildFile; fileRef = E873B05623039D8A00DB81C1 /* LEGOKnobViewController.m */; };
		E873B05E2303DEF900DB81C1 /* LEGOKnobView.m in Sources */ = {isa = PBXBuildFile; fileRef = E873B05D2303DEF800DB81C1 /* LEGOKnobView.m */; };
		E873B0612303EF2600DB81C1 /* LEGOCASpringView.m in Sources */ = {isa = PBXBuildFile; fileRef = E873B0602303EF2600DB81C1 /* LEGOCASpringView.m */; };
		E87423F82302577400F76BFB /* LEGOCASpringViewController.m in Sources */ = {isa = PBXBuildFile; fileRef = E87423F62302577400F76BFB /* LEGOCASpringViewController.m */; };
		E87423FF2302956A00F76BFB /* LEGOSceneViewController.m in Sources */ = {isa = PBXBuildFile; fileRef = E87423FE2302956A00F76BFB /* LEGOSceneViewController.m */; };
		E87424052302AA6700F76BFB /* doraemon.zip in Resources */ = {isa = PBXBuildFile; fileRef = E87424042302AA6700F76BFB /* doraemon.zip */; };
		E87424082302AAEC00F76BFB /* LEGODoraemonView.m in Sources */ = {isa = PBXBuildFile; fileRef = E87424072302AAEC00F76BFB /* LEGODoraemonView.m */; };
		E874240A2302B74000F76BFB /* film.zip in Resources */ = {isa = PBXBuildFile; fileRef = E87424092302B74000F76BFB /* film.zip */; };
		E874240C2302B7FD00F76BFB /* image.png in Resources */ = {isa = PBXBuildFile; fileRef = E874240B2302B7FD00F76BFB /* image.png */; };
		E874240F2302D54900F76BFB /* LEGOSceneView.m in Sources */ = {isa = PBXBuildFile; fileRef = E874240E2302D54900F76BFB /* LEGOSceneView.m */; };
		E87424122302D95700F76BFB /* image_111.png in Resources */ = {isa = PBXBuildFile; fileRef = E87424102302D95700F76BFB /* image_111.png */; };
		E87424132302D95700F76BFB /* image_222.png in Resources */ = {isa = PBXBuildFile; fileRef = E87424112302D95700F76BFB /* image_222.png */; };
		FC14C4388DC398765F10B0BF /* libPods-LEGOAnimation.a in Frameworks */ = {isa = PBXBuildFile; fileRef = 522B25FDEEEC2A1F834CC5BC /* libPods-LEGOAnimation.a */; };
/* End PBXBuildFile section */

/* Begin PBXContainerItemProxy section */
		E85B050722DD611A001501A9 /* PBXContainerItemProxy */ = {
			isa = PBXContainerItemProxy;
			containerPortal = E85B04E622DD6118001501A9 /* Project object */;
			proxyType = 1;
			remoteGlobalIDString = E85B04ED22DD6119001501A9;
			remoteInfo = LEGOAnimation;
		};
		E85B051222DD611A001501A9 /* PBXContainerItemProxy */ = {
			isa = PBXContainerItemProxy;
			containerPortal = E85B04E622DD6118001501A9 /* Project object */;
			proxyType = 1;
			remoteGlobalIDString = E85B04ED22DD6119001501A9;
			remoteInfo = LEGOAnimation;
		};
/* End PBXContainerItemProxy section */

/* Begin PBXFileReference section */
		522B25FDEEEC2A1F834CC5BC /* libPods-LEGOAnimation.a */ = {isa = PBXFileReference; explicitFileType = archive.ar; includeInIndex = 0; path = "libPods-LEGOAnimation.a"; sourceTree = BUILT_PRODUCTS_DIR; };
		A22625E8AF629AB2DAFEC682 /* Pods-LEGOAnimation.debug.xcconfig */ = {isa = PBXFileReference; includeInIndex = 1; lastKnownFileType = text.xcconfig; name = "Pods-LEGOAnimation.debug.xcconfig"; path = "Target Support Files/Pods-LEGOAnimation/Pods-LEGOAnimation.debug.xcconfig"; sourceTree = "<group>"; };
		D5EB31E15C2ACDB4371F30D9 /* Pods-LEGOAnimation.release.xcconfig */ = {isa = PBXFileReference; includeInIndex = 1; lastKnownFileType = text.xcconfig; name = "Pods-LEGOAnimation.release.xcconfig"; path = "Target Support Files/Pods-LEGOAnimation/Pods-LEGOAnimation.release.xcconfig"; sourceTree = "<group>"; };
		E8447BCA230BD50300F750E6 /* LEGOTransformViewController.h */ = {isa = PBXFileReference; lastKnownFileType = sourcecode.c.h; path = LEGOTransformViewController.h; sourceTree = "<group>"; };
		E8447BCB230BD50300F750E6 /* LEGOTransformViewController.m */ = {isa = PBXFileReference; lastKnownFileType = sourcecode.c.objc; path = LEGOTransformViewController.m; sourceTree = "<group>"; };
		E85B04EE22DD6119001501A9 /* LEGOAnimation.app */ = {isa = PBXFileReference; explicitFileType = wrapper.application; includeInIndex = 0; path = LEGOAnimation.app; sourceTree = BUILT_PRODUCTS_DIR; };
		E85B04F122DD6119001501A9 /* AppDelegate.h */ = {isa = PBXFileReference; lastKnownFileType = sourcecode.c.h; path = AppDelegate.h; sourceTree = "<group>"; };
		E85B04F222DD6119001501A9 /* AppDelegate.m */ = {isa = PBXFileReference; lastKnownFileType = sourcecode.c.objc; path = AppDelegate.m; sourceTree = "<group>"; };
		E85B04F422DD6119001501A9 /* ViewController.h */ = {isa = PBXFileReference; lastKnownFileType = sourcecode.c.h; path = ViewController.h; sourceTree = "<group>"; };
		E85B04F522DD6119001501A9 /* ViewController.m */ = {isa = PBXFileReference; lastKnownFileType = sourcecode.c.objc; path = ViewController.m; sourceTree = "<group>"; };
		E85B04F822DD6119001501A9 /* Base */ = {isa = PBXFileReference; lastKnownFileType = file.storyboard; name = Base; path = Base.lproj/Main.storyboard; sourceTree = "<group>"; };
		E85B04FA22DD611A001501A9 /* Assets.xcassets */ = {isa = PBXFileReference; lastKnownFileType = folder.assetcatalog; path = Assets.xcassets; sourceTree = "<group>"; };
		E85B04FD22DD611A001501A9 /* Base */ = {isa = PBXFileReference; lastKnownFileType = file.storyboard; name = Base; path = Base.lproj/LaunchScreen.storyboard; sourceTree = "<group>"; };
		E85B04FF22DD611A001501A9 /* Info.plist */ = {isa = PBXFileReference; lastKnownFileType = text.plist.xml; path = Info.plist; sourceTree = "<group>"; };
		E85B050022DD611A001501A9 /* main.m */ = {isa = PBXFileReference; lastKnownFileType = sourcecode.c.objc; path = main.m; sourceTree = "<group>"; };
		E85B050622DD611A001501A9 /* LEGOAnimationTests.xctest */ = {isa = PBXFileReference; explicitFileType = wrapper.cfbundle; includeInIndex = 0; path = LEGOAnimationTests.xctest; sourceTree = BUILT_PRODUCTS_DIR; };
		E85B050A22DD611A001501A9 /* LEGOAnimationTests.m */ = {isa = PBXFileReference; lastKnownFileType = sourcecode.c.objc; path = LEGOAnimationTests.m; sourceTree = "<group>"; };
		E85B050C22DD611A001501A9 /* Info.plist */ = {isa = PBXFileReference; lastKnownFileType = text.plist.xml; path = Info.plist; sourceTree = "<group>"; };
		E85B051122DD611A001501A9 /* LEGOAnimationUITests.xctest */ = {isa = PBXFileReference; explicitFileType = wrapper.cfbundle; includeInIndex = 0; path = LEGOAnimationUITests.xctest; sourceTree = BUILT_PRODUCTS_DIR; };
		E85B051522DD611A001501A9 /* LEGOAnimationUITests.m */ = {isa = PBXFileReference; lastKnownFileType = sourcecode.c.objc; path = LEGOAnimationUITests.m; sourceTree = "<group>"; };
		E85B051722DD611A001501A9 /* Info.plist */ = {isa = PBXFileReference; lastKnownFileType = text.plist.xml; path = Info.plist; sourceTree = "<group>"; };
		E862B36A2306A7B80072D243 /* LEGORouletteViewController.h */ = {isa = PBXFileReference; lastKnownFileType = sourcecode.c.h; path = LEGORouletteViewController.h; sourceTree = "<group>"; };
		E862B36B2306A7B80072D243 /* LEGORouletteViewController.m */ = {isa = PBXFileReference; lastKnownFileType = sourcecode.c.objc; path = LEGORouletteViewController.m; sourceTree = "<group>"; };
		E862B36D2306A8330072D243 /* LEGORouletteView.h */ = {isa = PBXFileReference; lastKnownFileType = sourcecode.c.h; path = LEGORouletteView.h; sourceTree = "<group>"; };
		E862B36E2306A8330072D243 /* LEGORouletteView.m */ = {isa = PBXFileReference; lastKnownFileType = sourcecode.c.objc; path = LEGORouletteView.m; sourceTree = "<group>"; };
		E864517D22F918B0002FD21B /* LEGOCAKeyframeViewController.h */ = {isa = PBXFileReference; lastKnownFileType = sourcecode.c.h; path = LEGOCAKeyframeViewController.h; sourceTree = "<group>"; };
		E864517E22F918B0002FD21B /* LEGOCAKeyframeViewController.m */ = {isa = PBXFileReference; lastKnownFileType = sourcecode.c.objc; path = LEGOCAKeyframeViewController.m; sourceTree = "<group>"; };
		E864518022F918E6002FD21B /* LEGOCABasicViewController.h */ = {isa = PBXFileReference; lastKnownFileType = sourcecode.c.h; path = LEGOCABasicViewController.h; sourceTree = "<group>"; };
		E864518122F918E6002FD21B /* LEGOCABasicViewController.m */ = {isa = PBXFileReference; lastKnownFileType = sourcecode.c.objc; path = LEGOCABasicViewController.m; sourceTree = "<group>"; };
		E864518422F97A13002FD21B /* LEGOStretchViewController.h */ = {isa = PBXFileReference; lastKnownFileType = sourcecode.c.h; path = LEGOStretchViewController.h; sourceTree = "<group>"; };
		E864518522F97A13002FD21B /* LEGOStretchViewController.m */ = {isa = PBXFileReference; lastKnownFileType = sourcecode.c.objc; path = LEGOStretchViewController.m; sourceTree = "<group>"; };
		E871618C22F82CF3008B5EF7 /* LEGOViewController.h */ = {isa = PBXFileReference; lastKnownFileType = sourcecode.c.h; path = LEGOViewController.h; sourceTree = "<group>"; };
		E871618D22F82CF3008B5EF7 /* LEGOViewController.m */ = {isa = PBXFileReference; lastKnownFileType = sourcecode.c.objc; path = LEGOViewController.m; sourceTree = "<group>"; };
		E871619522F83C16008B5EF7 /* PrefixHeader.pch */ = {isa = PBXFileReference; lastKnownFileType = sourcecode.c.h; path = PrefixHeader.pch; sourceTree = "<group>"; };
		E873B05523039D8A00DB81C1 /* LEGOKnobViewController.h */ = {isa = PBXFileReference; lastKnownFileType = sourcecode.c.h; path = LEGOKnobViewController.h; sourceTree = "<group>"; };
		E873B05623039D8A00DB81C1 /* LEGOKnobViewController.m */ = {isa = PBXFileReference; lastKnownFileType = sourcecode.c.objc; path = LEGOKnobViewController.m; sourceTree = "<group>"; };
		E873B05C2303DEF800DB81C1 /* LEGOKnobView.h */ = {isa = PBXFileReference; lastKnownFileType = sourcecode.c.h; path = LEGOKnobView.h; sourceTree = "<group>"; };
		E873B05D2303DEF800DB81C1 /* LEGOKnobView.m */ = {isa = PBXFileReference; lastKnownFileType = sourcecode.c.objc; path = LEGOKnobView.m; sourceTree = "<group>"; };
		E873B05F2303EF2600DB81C1 /* LEGOCASpringView.h */ = {isa = PBXFileReference; lastKnownFileType = sourcecode.c.h; path = LEGOCASpringView.h; sourceTree = "<group>"; };
		E873B0602303EF2600DB81C1 /* LEGOCASpringView.m */ = {isa = PBXFileReference; lastKnownFileType = sourcecode.c.objc; path = LEGOCASpringView.m; sourceTree = "<group>"; };
		E87423F62302577400F76BFB /* LEGOCASpringViewController.m */ = {isa = PBXFileReference; fileEncoding = 4; lastKnownFileType = sourcecode.c.objc; path = LEGOCASpringViewController.m; sourceTree = "<group>"; };
		E87423F72302577400F76BFB /* LEGOCASpringViewController.h */ = {isa = PBXFileReference; fileEncoding = 4; lastKnownFileType = sourcecode.c.h; path = LEGOCASpringViewController.h; sourceTree = "<group>"; };
		E87423FD2302956A00F76BFB /* LEGOSceneViewController.h */ = {isa = PBXFileReference; lastKnownFileType = sourcecode.c.h; path = LEGOSceneViewController.h; sourceTree = "<group>"; };
		E87423FE2302956A00F76BFB /* LEGOSceneViewController.m */ = {isa = PBXFileReference; lastKnownFileType = sourcecode.c.objc; path = LEGOSceneViewController.m; sourceTree = "<group>"; };
		E87424042302AA6700F76BFB /* doraemon.zip */ = {isa = PBXFileReference; lastKnownFileType = archive.zip; path = doraemon.zip; sourceTree = "<group>"; };
		E87424062302AAEC00F76BFB /* LEGODoraemonView.h */ = {isa = PBXFileReference; lastKnownFileType = sourcecode.c.h; path = LEGODoraemonView.h; sourceTree = "<group>"; };
		E87424072302AAEC00F76BFB /* LEGODoraemonView.m */ = {isa = PBXFileReference; lastKnownFileType = sourcecode.c.objc; path = LEGODoraemonView.m; sourceTree = "<group>"; };
		E87424092302B74000F76BFB /* film.zip */ = {isa = PBXFileReference; lastKnownFileType = archive.zip; path = film.zip; sourceTree = "<group>"; };
		E874240B2302B7FD00F76BFB /* image.png */ = {isa = PBXFileReference; lastKnownFileType = image.png; path = image.png; sourceTree = "<group>"; };
		E874240D2302D54900F76BFB /* LEGOSceneView.h */ = {isa = PBXFileReference; lastKnownFileType = sourcecode.c.h; path = LEGOSceneView.h; sourceTree = "<group>"; };
		E874240E2302D54900F76BFB /* LEGOSceneView.m */ = {isa = PBXFileReference; lastKnownFileType = sourcecode.c.objc; path = LEGOSceneView.m; sourceTree = "<group>"; };
		E87424102302D95700F76BFB /* image_111.png */ = {isa = PBXFileReference; lastKnownFileType = image.png; path = image_111.png; sourceTree = "<group>"; };
		E87424112302D95700F76BFB /* image_222.png */ = {isa = PBXFileReference; lastKnownFileType = image.png; path = image_222.png; sourceTree = "<group>"; };
/* End PBXFileReference section */

/* Begin PBXFrameworksBuildPhase section */
		E85B04EB22DD6119001501A9 /* Frameworks */ = {
			isa = PBXFrameworksBuildPhase;
			buildActionMask = 2147483647;
			files = (
				FC14C4388DC398765F10B0BF /* libPods-LEGOAnimation.a in Frameworks */,
			);
			runOnlyForDeploymentPostprocessing = 0;
		};
		E85B050322DD611A001501A9 /* Frameworks */ = {
			isa = PBXFrameworksBuildPhase;
			buildActionMask = 2147483647;
			files = (
			);
			runOnlyForDeploymentPostprocessing = 0;
		};
		E85B050E22DD611A001501A9 /* Frameworks */ = {
			isa = PBXFrameworksBuildPhase;
			buildActionMask = 2147483647;
			files = (
			);
			runOnlyForDeploymentPostprocessing = 0;
		};
/* End PBXFrameworksBuildPhase section */

/* Begin PBXGroup section */
		0B43B26824833E38F88A99E9 /* Frameworks */ = {
			isa = PBXGroup;
			children = (
				522B25FDEEEC2A1F834CC5BC /* libPods-LEGOAnimation.a */,
			);
			name = Frameworks;
			sourceTree = "<group>";
		};
		6EB40D8060A822F7D5B28153 /* Pods */ = {
			isa = PBXGroup;
			children = (
				A22625E8AF629AB2DAFEC682 /* Pods-LEGOAnimation.debug.xcconfig */,
				D5EB31E15C2ACDB4371F30D9 /* Pods-LEGOAnimation.release.xcconfig */,
			);
			path = Pods;
			sourceTree = "<group>";
		};
		E8447BC9230BD4F300F750E6 /* LEGOTransformAnimation */ = {
			isa = PBXGroup;
			children = (
				E8447BCA230BD50300F750E6 /* LEGOTransformViewController.h */,
				E8447BCB230BD50300F750E6 /* LEGOTransformViewController.m */,
			);
			path = LEGOTransformAnimation;
			sourceTree = "<group>";
		};
		E85B04E522DD6118001501A9 = {
			isa = PBXGroup;
			children = (
				E85B04F022DD6119001501A9 /* LEGOAnimation */,
				E85B050922DD611A001501A9 /* LEGOAnimationTests */,
				E85B051422DD611A001501A9 /* LEGOAnimationUITests */,
				E85B04EF22DD6119001501A9 /* Products */,
				6EB40D8060A822F7D5B28153 /* Pods */,
				0B43B26824833E38F88A99E9 /* Frameworks */,
			);
			sourceTree = "<group>";
		};
		E85B04EF22DD6119001501A9 /* Products */ = {
			isa = PBXGroup;
			children = (
				E85B04EE22DD6119001501A9 /* LEGOAnimation.app */,
				E85B050622DD611A001501A9 /* LEGOAnimationTests.xctest */,
				E85B051122DD611A001501A9 /* LEGOAnimationUITests.xctest */,
			);
			name = Products;
			sourceTree = "<group>";
		};
		E85B04F022DD6119001501A9 /* LEGOAnimation */ = {
			isa = PBXGroup;
			children = (
				E87423FC2302954800F76BFB /* LEGOSceneAnimation */,
				E87423F52302577400F76BFB /* LEGOCASpringAnimation */,
				E8447BC9230BD4F300F750E6 /* LEGOTransformAnimation */,
				E862B3692306A7A50072D243 /* LEGORouletteAnimation */,
				E873B05423039D7900DB81C1 /* LEGOKnobAnimation */,
				E864518322F979F7002FD21B /* LEGOContentStretch */,
				E864517C22F918A0002FD21B /* LEGOCAKeyframeAnimation */,
				E871618F22F839E6008B5EF7 /* LEGOCABasicAnimaiton */,
				E85B04F122DD6119001501A9 /* AppDelegate.h */,
				E85B04F222DD6119001501A9 /* AppDelegate.m */,
				E871618C22F82CF3008B5EF7 /* LEGOViewController.h */,
				E871618D22F82CF3008B5EF7 /* LEGOViewController.m */,
				E871619522F83C16008B5EF7 /* PrefixHeader.pch */,
				E85B04F722DD6119001501A9 /* Main.storyboard */,
				E85B04FA22DD611A001501A9 /* Assets.xcassets */,
				E85B04FC22DD611A001501A9 /* LaunchScreen.storyboard */,
				E85B04FF22DD611A001501A9 /* Info.plist */,
				E85B050022DD611A001501A9 /* main.m */,
				E85B04F422DD6119001501A9 /* ViewController.h */,
				E85B04F522DD6119001501A9 /* ViewController.m */,
			);
			path = LEGOAnimation;
			sourceTree = "<group>";
		};
		E85B050922DD611A001501A9 /* LEGOAnimationTests */ = {
			isa = PBXGroup;
			children = (
				E85B050A22DD611A001501A9 /* LEGOAnimationTests.m */,
				E85B050C22DD611A001501A9 /* Info.plist */,
			);
			path = LEGOAnimationTests;
			sourceTree = "<group>";
		};
		E85B051422DD611A001501A9 /* LEGOAnimationUITests */ = {
			isa = PBXGroup;
			children = (
				E85B051522DD611A001501A9 /* LEGOAnimationUITests.m */,
				E85B051722DD611A001501A9 /* Info.plist */,
			);
			path = LEGOAnimationUITests;
			sourceTree = "<group>";
		};
		E862B3692306A7A50072D243 /* LEGORouletteAnimation */ = {
			isa = PBXGroup;
			children = (
				E862B36A2306A7B80072D243 /* LEGORouletteViewController.h */,
				E862B36B2306A7B80072D243 /* LEGORouletteViewController.m */,
				E862B36D2306A8330072D243 /* LEGORouletteView.h */,
				E862B36E2306A8330072D243 /* LEGORouletteView.m */,
			);
			path = LEGORouletteAnimation;
			sourceTree = "<group>";
		};
		E864517C22F918A0002FD21B /* LEGOCAKeyframeAnimation */ = {
			isa = PBXGroup;
			children = (
				E864517D22F918B0002FD21B /* LEGOCAKeyframeViewController.h */,
				E864517E22F918B0002FD21B /* LEGOCAKeyframeViewController.m */,
			);
			path = LEGOCAKeyframeAnimation;
			sourceTree = "<group>";
		};
		E864518322F979F7002FD21B /* LEGOContentStretch */ = {
			isa = PBXGroup;
			children = (
				E864518422F97A13002FD21B /* LEGOStretchViewController.h */,
				E864518522F97A13002FD21B /* LEGOStretchViewController.m */,
			);
			path = LEGOContentStretch;
			sourceTree = "<group>";
		};
		E871618F22F839E6008B5EF7 /* LEGOCABasicAnimaiton */ = {
			isa = PBXGroup;
			children = (
				E864518022F918E6002FD21B /* LEGOCABasicViewController.h */,
				E864518122F918E6002FD21B /* LEGOCABasicViewController.m */,
			);
			path = LEGOCABasicAnimaiton;
			sourceTree = "<group>";
		};
		E873B05423039D7900DB81C1 /* LEGOKnobAnimation */ = {
			isa = PBXGroup;
			children = (
				E873B05523039D8A00DB81C1 /* LEGOKnobViewController.h */,
				E873B05623039D8A00DB81C1 /* LEGOKnobViewController.m */,
				E873B05C2303DEF800DB81C1 /* LEGOKnobView.h */,
				E873B05D2303DEF800DB81C1 /* LEGOKnobView.m */,
			);
			path = LEGOKnobAnimation;
			sourceTree = "<group>";
		};
		E87423F52302577400F76BFB /* LEGOCASpringAnimation */ = {
			isa = PBXGroup;
			children = (
				E87423F72302577400F76BFB /* LEGOCASpringViewController.h */,
				E87423F62302577400F76BFB /* LEGOCASpringViewController.m */,
				E873B05F2303EF2600DB81C1 /* LEGOCASpringView.h */,
				E873B0602303EF2600DB81C1 /* LEGOCASpringView.m */,
			);
			path = LEGOCASpringAnimation;
			sourceTree = "<group>";
		};
		E87423FC2302954800F76BFB /* LEGOSceneAnimation */ = {
			isa = PBXGroup;
			children = (
				E87423FD2302956A00F76BFB /* LEGOSceneViewController.h */,
				E87423FE2302956A00F76BFB /* LEGOSceneViewController.m */,
				E87424062302AAEC00F76BFB /* LEGODoraemonView.h */,
				E87424072302AAEC00F76BFB /* LEGODoraemonView.m */,
				E874240D2302D54900F76BFB /* LEGOSceneView.h */,
				E874240E2302D54900F76BFB /* LEGOSceneView.m */,
				E87424092302B74000F76BFB /* film.zip */,
				E874240B2302B7FD00F76BFB /* image.png */,
				E87424042302AA6700F76BFB /* doraemon.zip */,
				E87424102302D95700F76BFB /* image_111.png */,
				E87424112302D95700F76BFB /* image_222.png */,
			);
			path = LEGOSceneAnimation;
			sourceTree = "<group>";
		};
/* End PBXGroup section */

/* Begin PBXNativeTarget section */
		E85B04ED22DD6119001501A9 /* LEGOAnimation */ = {
			isa = PBXNativeTarget;
			buildConfigurationList = E85B051A22DD611A001501A9 /* Build configuration list for PBXNativeTarget "LEGOAnimation" */;
			buildPhases = (
				160E7EB496BC62F360B3C9A7 /* [CP] Check Pods Manifest.lock */,
				E85B04EA22DD6119001501A9 /* Sources */,
				E85B04EB22DD6119001501A9 /* Frameworks */,
				E85B04EC22DD6119001501A9 /* Resources */,
			);
			buildRules = (
			);
			dependencies = (
			);
			name = LEGOAnimation;
			productName = LEGOAnimation;
			productReference = E85B04EE22DD6119001501A9 /* LEGOAnimation.app */;
			productType = "com.apple.product-type.application";
		};
		E85B050522DD611A001501A9 /* LEGOAnimationTests */ = {
			isa = PBXNativeTarget;
			buildConfigurationList = E85B051D22DD611A001501A9 /* Build configuration list for PBXNativeTarget "LEGOAnimationTests" */;
			buildPhases = (
				E85B050222DD611A001501A9 /* Sources */,
				E85B050322DD611A001501A9 /* Frameworks */,
				E85B050422DD611A001501A9 /* Resources */,
			);
			buildRules = (
			);
			dependencies = (
				E85B050822DD611A001501A9 /* PBXTargetDependency */,
			);
			name = LEGOAnimationTests;
			productName = LEGOAnimationTests;
			productReference = E85B050622DD611A001501A9 /* LEGOAnimationTests.xctest */;
			productType = "com.apple.product-type.bundle.unit-test";
		};
		E85B051022DD611A001501A9 /* LEGOAnimationUITests */ = {
			isa = PBXNativeTarget;
			buildConfigurationList = E85B052022DD611A001501A9 /* Build configuration list for PBXNativeTarget "LEGOAnimationUITests" */;
			buildPhases = (
				E85B050D22DD611A001501A9 /* Sources */,
				E85B050E22DD611A001501A9 /* Frameworks */,
				E85B050F22DD611A001501A9 /* Resources */,
			);
			buildRules = (
			);
			dependencies = (
				E85B051322DD611A001501A9 /* PBXTargetDependency */,
			);
			name = LEGOAnimationUITests;
			productName = LEGOAnimationUITests;
			productReference = E85B051122DD611A001501A9 /* LEGOAnimationUITests.xctest */;
			productType = "com.apple.product-type.bundle.ui-testing";
		};
/* End PBXNativeTarget section */

/* Begin PBXProject section */
		E85B04E622DD6118001501A9 /* Project object */ = {
			isa = PBXProject;
			attributes = {
				LastUpgradeCheck = 1010;
				ORGANIZATIONNAME = "杨庆人";
				TargetAttributes = {
					E85B04ED22DD6119001501A9 = {
						CreatedOnToolsVersion = 10.1;
					};
					E85B050522DD611A001501A9 = {
						CreatedOnToolsVersion = 10.1;
						TestTargetID = E85B04ED22DD6119001501A9;
					};
					E85B051022DD611A001501A9 = {
						CreatedOnToolsVersion = 10.1;
						TestTargetID = E85B04ED22DD6119001501A9;
					};
				};
			};
			buildConfigurationList = E85B04E922DD6118001501A9 /* Build configuration list for PBXProject "LEGOAnimation" */;
			compatibilityVersion = "Xcode 9.3";
			developmentRegion = en;
			hasScannedForEncodings = 0;
			knownRegions = (
				en,
				Base,
			);
			mainGroup = E85B04E522DD6118001501A9;
			productRefGroup = E85B04EF22DD6119001501A9 /* Products */;
			projectDirPath = "";
			projectRoot = "";
			targets = (
				E85B04ED22DD6119001501A9 /* LEGOAnimation */,
				E85B050522DD611A001501A9 /* LEGOAnimationTests */,
				E85B051022DD611A001501A9 /* LEGOAnimationUITests */,
			);
		};
/* End PBXProject section */

/* Begin PBXResourcesBuildPhase section */
		E85B04EC22DD6119001501A9 /* Resources */ = {
			isa = PBXResourcesBuildPhase;
			buildActionMask = 2147483647;
			files = (
				E87424132302D95700F76BFB /* image_222.png in Resources */,
				E85B04FE22DD611A001501A9 /* LaunchScreen.storyboard in Resources */,
				E85B04FB22DD611A001501A9 /* Assets.xcassets in Resources */,
				E87424052302AA6700F76BFB /* doraemon.zip in Resources */,
				E85B04F922DD6119001501A9 /* Main.storyboard in Resources */,
				E874240A2302B74000F76BFB /* film.zip in Resources */,
				E874240C2302B7FD00F76BFB /* image.png in Resources */,
				E87424122302D95700F76BFB /* image_111.png in Resources */,
			);
			runOnlyForDeploymentPostprocessing = 0;
		};
		E85B050422DD611A001501A9 /* Resources */ = {
			isa = PBXResourcesBuildPhase;
			buildActionMask = 2147483647;
			files = (
			);
			runOnlyForDeploymentPostprocessing = 0;
		};
		E85B050F22DD611A001501A9 /* Resources */ = {
			isa = PBXResourcesBuildPhase;
			buildActionMask = 2147483647;
			files = (
			);
			runOnlyForDeploymentPostprocessing = 0;
		};
/* End PBXResourcesBuildPhase section */

/* Begin PBXShellScriptBuildPhase section */
		160E7EB496BC62F360B3C9A7 /* [CP] Check Pods Manifest.lock */ = {
			isa = PBXShellScriptBuildPhase;
			buildActionMask = 2147483647;
			files = (
			);
			inputFileListPaths = (
			);
			inputPaths = (
				"${PODS_PODFILE_DIR_PATH}/Podfile.lock",
				"${PODS_ROOT}/Manifest.lock",
			);
			name = "[CP] Check Pods Manifest.lock";
			outputFileListPaths = (
			);
			outputPaths = (
				"$(DERIVED_FILE_DIR)/Pods-LEGOAnimation-checkManifestLockResult.txt",
			);
			runOnlyForDeploymentPostprocessing = 0;
			shellPath = /bin/sh;
			shellScript = "diff \"${PODS_PODFILE_DIR_PATH}/Podfile.lock\" \"${PODS_ROOT}/Manifest.lock\" > /dev/null\nif [ $? != 0 ] ; then\n    # print error to STDERR\n    echo \"error: The sandbox is not in sync with the Podfile.lock. Run 'pod install' or update your CocoaPods installation.\" >&2\n    exit 1\nfi\n# This output is used by Xcode 'outputs' to avoid re-running this script phase.\necho \"SUCCESS\" > \"${SCRIPT_OUTPUT_FILE_0}\"\n";
			showEnvVarsInLog = 0;
		};
/* End PBXShellScriptBuildPhase section */

/* Begin PBXSourcesBuildPhase section */
		E85B04EA22DD6119001501A9 /* Sources */ = {
			isa = PBXSourcesBuildPhase;
			buildActionMask = 2147483647;
			files = (
				E85B04F622DD6119001501A9 /* ViewController.m in Sources */,
				E873B0612303EF2600DB81C1 /* LEGOCASpringView.m in Sources */,
				E873B05723039D8A00DB81C1 /* LEGOKnobViewController.m in Sources */,
				E862B36F2306A8330072D243 /* LEGORouletteView.m in Sources */,
				E864518622F97A13002FD21B /* LEGOStretchViewController.m in Sources */,
				E864518222F918E6002FD21B /* LEGOCABasicViewController.m in Sources */,
				E871618E22F82CF3008B5EF7 /* LEGOViewController.m in Sources */,
				E873B05E2303DEF900DB81C1 /* LEGOKnobView.m in Sources */,
				E8447BCC230BD50300F750E6 /* LEGOTransformViewController.m in Sources */,
				E85B050122DD611A001501A9 /* main.m in Sources */,
				E87424082302AAEC00F76BFB /* LEGODoraemonView.m in Sources */,
				E864517F22F918B0002FD21B /* LEGOCAKeyframeViewController.m in Sources */,
				E85B04F322DD6119001501A9 /* AppDelegate.m in Sources */,
				E87423F82302577400F76BFB /* LEGOCASpringViewController.m in Sources */,
				E874240F2302D54900F76BFB /* LEGOSceneView.m in Sources */,
				E862B36C2306A7B80072D243 /* LEGORouletteViewController.m in Sources */,
				E87423FF2302956A00F76BFB /* LEGOSceneViewController.m in Sources */,
			);
			runOnlyForDeploymentPostprocessing = 0;
		};
		E85B050222DD611A001501A9 /* Sources */ = {
			isa = PBXSourcesBuildPhase;
			buildActionMask = 2147483647;
			files = (
				E85B050B22DD611A001501A9 /* LEGOAnimationTests.m in Sources */,
			);
			runOnlyForDeploymentPostprocessing = 0;
		};
		E85B050D22DD611A001501A9 /* Sources */ = {
			isa = PBXSourcesBuildPhase;
			buildActionMask = 2147483647;
			files = (
				E85B051622DD611A001501A9 /* LEGOAnimationUITests.m in Sources */,
			);
			runOnlyForDeploymentPostprocessing = 0;
		};
/* End PBXSourcesBuildPhase section */

/* Begin PBXTargetDependency section */
		E85B050822DD611A001501A9 /* PBXTargetDependency */ = {
			isa = PBXTargetDependency;
			target = E85B04ED22DD6119001501A9 /* LEGOAnimation */;
			targetProxy = E85B050722DD611A001501A9 /* PBXContainerItemProxy */;
		};
		E85B051322DD611A001501A9 /* PBXTargetDependency */ = {
			isa = PBXTargetDependency;
			target = E85B04ED22DD6119001501A9 /* LEGOAnimation */;
			targetProxy = E85B051222DD611A001501A9 /* PBXContainerItemProxy */;
		};
/* End PBXTargetDependency section */

/* Begin PBXVariantGroup section */
		E85B04F722DD6119001501A9 /* Main.storyboard */ = {
			isa = PBXVariantGroup;
			children = (
				E85B04F822DD6119001501A9 /* Base */,
			);
			name = Main.storyboard;
			sourceTree = "<group>";
		};
		E85B04FC22DD611A001501A9 /* LaunchScreen.storyboard */ = {
			isa = PBXVariantGroup;
			children = (
				E85B04FD22DD611A001501A9 /* Base */,
			);
			name = LaunchScreen.storyboard;
			sourceTree = "<group>";
		};
/* End PBXVariantGroup section */

/* Begin XCBuildConfiguration section */
		E85B051822DD611A001501A9 /* Debug */ = {
			isa = XCBuildConfiguration;
			buildSettings = {
				ALWAYS_SEARCH_USER_PATHS = NO;
				CLANG_ANALYZER_NONNULL = YES;
				CLANG_ANALYZER_NUMBER_OBJECT_CONVERSION = YES_AGGRESSIVE;
				CLANG_CXX_LANGUAGE_STANDARD = "gnu++14";
				CLANG_CXX_LIBRARY = "libc++";
				CLANG_ENABLE_MODULES = YES;
				CLANG_ENABLE_OBJC_ARC = YES;
				CLANG_ENABLE_OBJC_WEAK = YES;
				CLANG_WARN_BLOCK_CAPTURE_AUTORELEASING = YES;
				CLANG_WARN_BOOL_CONVERSION = YES;
				CLANG_WARN_COMMA = YES;
				CLANG_WARN_CONSTANT_CONVERSION = YES;
				CLANG_WARN_DEPRECATED_OBJC_IMPLEMENTATIONS = YES;
				CLANG_WARN_DIRECT_OBJC_ISA_USAGE = YES_ERROR;
				CLANG_WARN_DOCUMENTATION_COMMENTS = YES;
				CLANG_WARN_EMPTY_BODY = YES;
				CLANG_WARN_ENUM_CONVERSION = YES;
				CLANG_WARN_INFINITE_RECURSION = YES;
				CLANG_WARN_INT_CONVERSION = YES;
				CLANG_WARN_NON_LITERAL_NULL_CONVERSION = YES;
				CLANG_WARN_OBJC_IMPLICIT_RETAIN_SELF = YES;
				CLANG_WARN_OBJC_LITERAL_CONVERSION = YES;
				CLANG_WARN_OBJC_ROOT_CLASS = YES_ERROR;
				CLANG_WARN_RANGE_LOOP_ANALYSIS = YES;
				CLANG_WARN_STRICT_PROTOTYPES = YES;
				CLANG_WARN_SUSPICIOUS_MOVE = YES;
				CLANG_WARN_UNGUARDED_AVAILABILITY = YES_AGGRESSIVE;
				CLANG_WARN_UNREACHABLE_CODE = YES;
				CLANG_WARN__DUPLICATE_METHOD_MATCH = YES;
				CODE_SIGN_IDENTITY = "iPhone Developer";
				COPY_PHASE_STRIP = NO;
				DEBUG_INFORMATION_FORMAT = dwarf;
				ENABLE_STRICT_OBJC_MSGSEND = YES;
				ENABLE_TESTABILITY = YES;
				GCC_C_LANGUAGE_STANDARD = gnu11;
				GCC_DYNAMIC_NO_PIC = NO;
				GCC_NO_COMMON_BLOCKS = YES;
				GCC_OPTIMIZATION_LEVEL = 0;
				GCC_PREPROCESSOR_DEFINITIONS = (
					"DEBUG=1",
					"$(inherited)",
				);
				GCC_WARN_64_TO_32_BIT_CONVERSION = YES;
				GCC_WARN_ABOUT_RETURN_TYPE = YES_ERROR;
				GCC_WARN_UNDECLARED_SELECTOR = YES;
				GCC_WARN_UNINITIALIZED_AUTOS = YES_AGGRESSIVE;
				GCC_WARN_UNUSED_FUNCTION = YES;
				GCC_WARN_UNUSED_VARIABLE = YES;
				IPHONEOS_DEPLOYMENT_TARGET = 12.1;
				MTL_ENABLE_DEBUG_INFO = INCLUDE_SOURCE;
				MTL_FAST_MATH = YES;
				ONLY_ACTIVE_ARCH = YES;
				SDKROOT = iphoneos;
			};
			name = Debug;
		};
		E85B051922DD611A001501A9 /* Release */ = {
			isa = XCBuildConfiguration;
			buildSettings = {
				ALWAYS_SEARCH_USER_PATHS = NO;
				CLANG_ANALYZER_NONNULL = YES;
				CLANG_ANALYZER_NUMBER_OBJECT_CONVERSION = YES_AGGRESSIVE;
				CLANG_CXX_LANGUAGE_STANDARD = "gnu++14";
				CLANG_CXX_LIBRARY = "libc++";
				CLANG_ENABLE_MODULES = YES;
				CLANG_ENABLE_OBJC_ARC = YES;
				CLANG_ENABLE_OBJC_WEAK = YES;
				CLANG_WARN_BLOCK_CAPTURE_AUTORELEASING = YES;
				CLANG_WARN_BOOL_CONVERSION = YES;
				CLANG_WARN_COMMA = YES;
				CLANG_WARN_CONSTANT_CONVERSION = YES;
				CLANG_WARN_DEPRECATED_OBJC_IMPLEMENTATIONS = YES;
				CLANG_WARN_DIRECT_OBJC_ISA_USAGE = YES_ERROR;
				CLANG_WARN_DOCUMENTATION_COMMENTS = YES;
				CLANG_WARN_EMPTY_BODY = YES;
				CLANG_WARN_ENUM_CONVERSION = YES;
				CLANG_WARN_INFINITE_RECURSION = YES;
				CLANG_WARN_INT_CONVERSION = YES;
				CLANG_WARN_NON_LITERAL_NULL_CONVERSION = YES;
				CLANG_WARN_OBJC_IMPLICIT_RETAIN_SELF = YES;
				CLANG_WARN_OBJC_LITERAL_CONVERSION = YES;
				CLANG_WARN_OBJC_ROOT_CLASS = YES_ERROR;
				CLANG_WARN_RANGE_LOOP_ANALYSIS = YES;
				CLANG_WARN_STRICT_PROTOTYPES = YES;
				CLANG_WARN_SUSPICIOUS_MOVE = YES;
				CLANG_WARN_UNGUARDED_AVAILABILITY = YES_AGGRESSIVE;
				CLANG_WARN_UNREACHABLE_CODE = YES;
				CLANG_WARN__DUPLICATE_METHOD_MATCH = YES;
				CODE_SIGN_IDENTITY = "iPhone Developer";
				COPY_PHASE_STRIP = NO;
				DEBUG_INFORMATION_FORMAT = "dwarf-with-dsym";
				ENABLE_NS_ASSERTIONS = NO;
				ENABLE_STRICT_OBJC_MSGSEND = YES;
				GCC_C_LANGUAGE_STANDARD = gnu11;
				GCC_NO_COMMON_BLOCKS = YES;
				GCC_WARN_64_TO_32_BIT_CONVERSION = YES;
				GCC_WARN_ABOUT_RETURN_TYPE = YES_ERROR;
				GCC_WARN_UNDECLARED_SELECTOR = YES;
				GCC_WARN_UNINITIALIZED_AUTOS = YES_AGGRESSIVE;
				GCC_WARN_UNUSED_FUNCTION = YES;
				GCC_WARN_UNUSED_VARIABLE = YES;
				IPHONEOS_DEPLOYMENT_TARGET = 12.1;
				MTL_ENABLE_DEBUG_INFO = NO;
				MTL_FAST_MATH = YES;
				SDKROOT = iphoneos;
				VALIDATE_PRODUCT = YES;
			};
			name = Release;
		};
		E85B051B22DD611A001501A9 /* Debug */ = {
			isa = XCBuildConfiguration;
			baseConfigurationReference = A22625E8AF629AB2DAFEC682 /* Pods-LEGOAnimation.debug.xcconfig */;
			buildSettings = {
				ASSETCATALOG_COMPILER_APPICON_NAME = AppIcon;
				CODE_SIGN_STYLE = Automatic;
				DEVELOPMENT_TEAM = K7Y7L52Z4E;
				GCC_PREFIX_HEADER = "$(SRCROOT)/LEGOAnimation/PrefixHeader.pch";
				INFOPLIST_FILE = LEGOAnimation/Info.plist;
				IPHONEOS_DEPLOYMENT_TARGET = 9.0;
				LD_RUNPATH_SEARCH_PATHS = (
					"$(inherited)",
					"@executable_path/Frameworks",
				);
				PRODUCT_BUNDLE_IDENTIFIER = yangqingren001.LEGOAnimation;
				PRODUCT_NAME = "$(TARGET_NAME)";
				TARGETED_DEVICE_FAMILY = "1,2";
			};
			name = Debug;
		};
		E85B051C22DD611A001501A9 /* Release */ = {
			isa = XCBuildConfiguration;
			baseConfigurationReference = D5EB31E15C2ACDB4371F30D9 /* Pods-LEGOAnimation.release.xcconfig */;
			buildSettings = {
				ASSETCATALOG_COMPILER_APPICON_NAME = AppIcon;
				CODE_SIGN_STYLE = Automatic;
				DEVELOPMENT_TEAM = K7Y7L52Z4E;
				GCC_PREFIX_HEADER = "$(SRCROOT)/LEGOAnimation/PrefixHeader.pch";
				INFOPLIST_FILE = LEGOAnimation/Info.plist;
				IPHONEOS_DEPLOYMENT_TARGET = 9.0;
				LD_RUNPATH_SEARCH_PATHS = (
					"$(inherited)",
					"@executable_path/Frameworks",
				);
				PRODUCT_BUNDLE_IDENTIFIER = yangqingren001.LEGOAnimation;
				PRODUCT_NAME = "$(TARGET_NAME)";
				TARGETED_DEVICE_FAMILY = "1,2";
			};
			name = Release;
		};
		E85B051E22DD611A001501A9 /* Debug */ = {
			isa = XCBuildConfiguration;
			buildSettings = {
				BUNDLE_LOADER = "$(TEST_HOST)";
				CODE_SIGN_STYLE = Automatic;
				INFOPLIST_FILE = LEGOAnimationTests/Info.plist;
				LD_RUNPATH_SEARCH_PATHS = (
					"$(inherited)",
					"@executable_path/Frameworks",
					"@loader_path/Frameworks",
				);
				PRODUCT_BUNDLE_IDENTIFIER = yangqingren001.LEGOAnimationTests;
				PRODUCT_NAME = "$(TARGET_NAME)";
				TARGETED_DEVICE_FAMILY = "1,2";
				TEST_HOST = "$(BUILT_PRODUCTS_DIR)/LEGOAnimation.app/LEGOAnimation";
			};
			name = Debug;
		};
		E85B051F22DD611A001501A9 /* Release */ = {
			isa = XCBuildConfiguration;
			buildSettings = {
				BUNDLE_LOADER = "$(TEST_HOST)";
				CODE_SIGN_STYLE = Automatic;
				INFOPLIST_FILE = LEGOAnimationTests/Info.plist;
				LD_RUNPATH_SEARCH_PATHS = (
					"$(inherited)",
					"@executable_path/Frameworks",
					"@loader_path/Frameworks",
				);
				PRODUCT_BUNDLE_IDENTIFIER = yangqingren001.LEGOAnimationTests;
				PRODUCT_NAME = "$(TARGET_NAME)";
				TARGETED_DEVICE_FAMILY = "1,2";
				TEST_HOST = "$(BUILT_PRODUCTS_DIR)/LEGOAnimation.app/LEGOAnimation";
			};
			name = Release;
		};
		E85B052122DD611A001501A9 /* Debug */ = {
			isa = XCBuildConfiguration;
			buildSettings = {
				CODE_SIGN_STYLE = Automatic;
				INFOPLIST_FILE = LEGOAnimationUITests/Info.plist;
				LD_RUNPATH_SEARCH_PATHS = (
					"$(inherited)",
					"@executable_path/Frameworks",
					"@loader_path/Frameworks",
				);
				PRODUCT_BUNDLE_IDENTIFIER = yangqingren001.LEGOAnimationUITests;
				PRODUCT_NAME = "$(TARGET_NAME)";
				TARGETED_DEVICE_FAMILY = "1,2";
				TEST_TARGET_NAME = LEGOAnimation;
			};
			name = Debug;
		};
		E85B052222DD611A001501A9 /* Release */ = {
			isa = XCBuildConfiguration;
			buildSettings = {
				CODE_SIGN_STYLE = Automatic;
				INFOPLIST_FILE = LEGOAnimationUITests/Info.plist;
				LD_RUNPATH_SEARCH_PATHS = (
					"$(inherited)",
					"@executable_path/Frameworks",
					"@loader_path/Frameworks",
				);
				PRODUCT_BUNDLE_IDENTIFIER = yangqingren001.LEGOAnimationUITests;
				PRODUCT_NAME = "$(TARGET_NAME)";
				TARGETED_DEVICE_FAMILY = "1,2";
				TEST_TARGET_NAME = LEGOAnimation;
			};
			name = Release;
		};
/* End XCBuildConfiguration section */

/* Begin XCConfigurationList section */
		E85B04E922DD6118001501A9 /* Build configuration list for PBXProject "LEGOAnimation" */ = {
			isa = XCConfigurationList;
			buildConfigurations = (
				E85B051822DD611A001501A9 /* Debug */,
				E85B051922DD611A001501A9 /* Release */,
			);
			defaultConfigurationIsVisible = 0;
			defaultConfigurationName = Release;
		};
		E85B051A22DD611A001501A9 /* Build configuration list for PBXNativeTarget "LEGOAnimation" */ = {
			isa = XCConfigurationList;
			buildConfigurations = (
				E85B051B22DD611A001501A9 /* Debug */,
				E85B051C22DD611A001501A9 /* Release */,
			);
			defaultConfigurationIsVisible = 0;
			defaultConfigurationName = Release;
		};
		E85B051D22DD611A001501A9 /* Build configuration list for PBXNativeTarget "LEGOAnimationTests" */ = {
			isa = XCConfigurationList;
			buildConfigurations = (
				E85B051E22DD611A001501A9 /* Debug */,
				E85B051F22DD611A001501A9 /* Release */,
			);
			defaultConfigurationIsVisible = 0;
			defaultConfigurationName = Release;
		};
		E85B052022DD611A001501A9 /* Build configuration list for PBXNativeTarget "LEGOAnimationUITests" */ = {
			isa = XCConfigurationList;
			buildConfigurations = (
				E85B052122DD611A001501A9 /* Debug */,
				E85B052222DD611A001501A9 /* Release */,
			);
			defaultConfigurationIsVisible = 0;
			defaultConfigurationName = Release;
		};
/* End XCConfigurationList section */
	};
	rootObject = E85B04E622DD6118001501A9 /* Project object */;
}
